// !$*UTF8*$!
{
	archiveVersion = 1;
	classes = {
	};
	objectVersion = 50;
	objects = {

/* Begin PBXBuildFile section */
		98F0E49A2152385E004098A9 /* AppDelegate.swift in Sources */ = {isa = PBXBuildFile; fileRef = 98F0E4992152385E004098A9 /* AppDelegate.swift */; };
		98F0E49C2152385E004098A9 /* FirstViewController.swift in Sources */ = {isa = PBXBuildFile; fileRef = 98F0E49B2152385E004098A9 /* FirstViewController.swift */; };
		98F0E49E2152385E004098A9 /* SecondViewController.swift in Sources */ = {isa = PBXBuildFile; fileRef = 98F0E49D2152385E004098A9 /* SecondViewController.swift */; };
		98F0E4A12152385E004098A9 /* Main.storyboard in Resources */ = {isa = PBXBuildFile; fileRef = 98F0E49F2152385E004098A9 /* Main.storyboard */; };
		98F0E4A32152385F004098A9 /* Assets.xcassets in Resources */ = {isa = PBXBuildFile; fileRef = 98F0E4A22152385F004098A9 /* Assets.xcassets */; };
		98F0E4A62152385F004098A9 /* LaunchScreen.storyboard in Resources */ = {isa = PBXBuildFile; fileRef = 98F0E4A42152385F004098A9 /* LaunchScreen.storyboard */; };
		98F0E4B12152385F004098A9 /* PlaceSearcher_TestTests.swift in Sources */ = {isa = PBXBuildFile; fileRef = 98F0E4B02152385F004098A9 /* PlaceSearcher_TestTests.swift */; };
		98F0E4BC21523860004098A9 /* PlaceSearcher_TestUITests.swift in Sources */ = {isa = PBXBuildFile; fileRef = 98F0E4BB21523860004098A9 /* PlaceSearcher_TestUITests.swift */; };
/* End PBXBuildFile section */

/* Begin PBXContainerItemProxy section */
		98F0E4AD2152385F004098A9 /* PBXContainerItemProxy */ = {
			isa = PBXContainerItemProxy;
			containerPortal = 98F0E48E2152385E004098A9 /* Project object */;
			proxyType = 1;
			remoteGlobalIDString = 98F0E4952152385E004098A9;
			remoteInfo = PlaceSearcher_Test;
		};
		98F0E4B821523860004098A9 /* PBXContainerItemProxy */ = {
			isa = PBXContainerItemProxy;
			containerPortal = 98F0E48E2152385E004098A9 /* Project object */;
			proxyType = 1;
			remoteGlobalIDString = 98F0E4952152385E004098A9;
			remoteInfo = PlaceSearcher_Test;
		};
/* End PBXContainerItemProxy section */

/* Begin PBXFileReference section */
		98F0E4962152385E004098A9 /* PlaceSearcher_Test.app */ = {isa = PBXFileReference; explicitFileType = wrapper.application; includeInIndex = 0; path = PlaceSearcher_Test.app; sourceTree = BUILT_PRODUCTS_DIR; };
		98F0E4992152385E004098A9 /* AppDelegate.swift */ = {isa = PBXFileReference; lastKnownFileType = sourcecode.swift; path = AppDelegate.swift; sourceTree = "<group>"; };
		98F0E49B2152385E004098A9 /* FirstViewController.swift */ = {isa = PBXFileReference; lastKnownFileType = sourcecode.swift; path = FirstViewController.swift; sourceTree = "<group>"; };
		98F0E49D2152385E004098A9 /* SecondViewController.swift */ = {isa = PBXFileReference; lastKnownFileType = sourcecode.swift; path = SecondViewController.swift; sourceTree = "<group>"; };
		98F0E4A02152385E004098A9 /* Base */ = {isa = PBXFileReference; lastKnownFileType = file.storyboard; name = Base; path = Base.lproj/Main.storyboard; sourceTree = "<group>"; };
		98F0E4A22152385F004098A9 /* Assets.xcassets */ = {isa = PBXFileReference; lastKnownFileType = folder.assetcatalog; path = Assets.xcassets; sourceTree = "<group>"; };
		98F0E4A52152385F004098A9 /* Base */ = {isa = PBXFileReference; lastKnownFileType = file.storyboard; name = Base; path = Base.lproj/LaunchScreen.storyboard; sourceTree = "<group>"; };
		98F0E4A72152385F004098A9 /* Info.plist */ = {isa = PBXFileReference; lastKnownFileType = text.plist.xml; path = Info.plist; sourceTree = "<group>"; };
		98F0E4AC2152385F004098A9 /* PlaceSearcher_TestTests.xctest */ = {isa = PBXFileReference; explicitFileType = wrapper.cfbundle; includeInIndex = 0; path = PlaceSearcher_TestTests.xctest; sourceTree = BUILT_PRODUCTS_DIR; };
		98F0E4B02152385F004098A9 /* PlaceSearcher_TestTests.swift */ = {isa = PBXFileReference; lastKnownFileType = sourcecode.swift; path = PlaceSearcher_TestTests.swift; sourceTree = "<group>"; };
		98F0E4B22152385F004098A9 /* Info.plist */ = {isa = PBXFileReference; lastKnownFileType = text.plist.xml; path = Info.plist; sourceTree = "<group>"; };
		98F0E4B721523860004098A9 /* PlaceSearcher_TestUITests.xctest */ = {isa = PBXFileReference; explicitFileType = wrapper.cfbundle; includeInIndex = 0; path = PlaceSearcher_TestUITests.xctest; sourceTree = BUILT_PRODUCTS_DIR; };
		98F0E4BB21523860004098A9 /* PlaceSearcher_TestUITests.swift */ = {isa = PBXFileReference; lastKnownFileType = sourcecode.swift; path = PlaceSearcher_TestUITests.swift; sourceTree = "<group>"; };
		98F0E4BD21523860004098A9 /* Info.plist */ = {isa = PBXFileReference; lastKnownFileType = text.plist.xml; path = Info.plist; sourceTree = "<group>"; };
/* End PBXFileReference section */

/* Begin PBXFrameworksBuildPhase section */
		98F0E4932152385E004098A9 /* Frameworks */ = {
			isa = PBXFrameworksBuildPhase;
			buildActionMask = 2147483647;
			files = (
			);
			runOnlyForDeploymentPostprocessing = 0;
		};
		98F0E4A92152385F004098A9 /* Frameworks */ = {
			isa = PBXFrameworksBuildPhase;
			buildActionMask = 2147483647;
			files = (
			);
			runOnlyForDeploymentPostprocessing = 0;
		};
		98F0E4B421523860004098A9 /* Frameworks */ = {
			isa = PBXFrameworksBuildPhase;
			buildActionMask = 2147483647;
			files = (
			);
			runOnlyForDeploymentPostprocessing = 0;
		};
/* End PBXFrameworksBuildPhase section */

/* Begin PBXGroup section */
		98F0E48D2152385E004098A9 = {
			isa = PBXGroup;
			children = (
				98F0E4982152385E004098A9 /* PlaceSearcher_Test */,
				98F0E4AF2152385F004098A9 /* PlaceSearcher_TestTests */,
				98F0E4BA21523860004098A9 /* PlaceSearcher_TestUITests */,
				98F0E4972152385E004098A9 /* Products */,
			);
			sourceTree = "<group>";
		};
		98F0E4972152385E004098A9 /* Products */ = {
			isa = PBXGroup;
			children = (
				98F0E4962152385E004098A9 /* PlaceSearcher_Test.app */,
				98F0E4AC2152385F004098A9 /* PlaceSearcher_TestTests.xctest */,
				98F0E4B721523860004098A9 /* PlaceSearcher_TestUITests.xctest */,
			);
			name = Products;
			sourceTree = "<group>";
		};
		98F0E4982152385E004098A9 /* PlaceSearcher_Test */ = {
			isa = PBXGroup;
			children = (
				98F0E4992152385E004098A9 /* AppDelegate.swift */,
				98F0E49B2152385E004098A9 /* FirstViewController.swift */,
				98F0E49D2152385E004098A9 /* SecondViewController.swift */,
				98F0E49F2152385E004098A9 /* Main.storyboard */,
				98F0E4A22152385F004098A9 /* Assets.xcassets */,
				98F0E4A42152385F004098A9 /* LaunchScreen.storyboard */,
				98F0E4A72152385F004098A9 /* Info.plist */,
			);
			path = PlaceSearcher_Test;
			sourceTree = "<group>";
		};
		98F0E4AF2152385F004098A9 /* PlaceSearcher_TestTests */ = {
			isa = PBXGroup;
			children = (
				98F0E4B02152385F004098A9 /* PlaceSearcher_TestTests.swift */,
				98F0E4B22152385F004098A9 /* Info.plist */,
			);
			path = PlaceSearcher_TestTests;
			sourceTree = "<group>";
		};
		98F0E4BA21523860004098A9 /* PlaceSearcher_TestUITests */ = {
			isa = PBXGroup;
			children = (
				98F0E4BB21523860004098A9 /* PlaceSearcher_TestUITests.swift */,
				98F0E4BD21523860004098A9 /* Info.plist */,
			);
			path = PlaceSearcher_TestUITests;
			sourceTree = "<group>";
		};
/* End PBXGroup section */

/* Begin PBXNativeTarget section */
		98F0E4952152385E004098A9 /* PlaceSearcher_Test */ = {
			isa = PBXNativeTarget;
			buildConfigurationList = 98F0E4C021523860004098A9 /* Build configuration list for PBXNativeTarget "PlaceSearcher_Test" */;
			buildPhases = (
				98F0E4922152385E004098A9 /* Sources */,
				98F0E4932152385E004098A9 /* Frameworks */,
				98F0E4942152385E004098A9 /* Resources */,
			);
			buildRules = (
			);
			dependencies = (
			);
			name = PlaceSearcher_Test;
			productName = PlaceSearcher_Test;
			productReference = 98F0E4962152385E004098A9 /* PlaceSearcher_Test.app */;
			productType = "com.apple.product-type.application";
		};
		98F0E4AB2152385F004098A9 /* PlaceSearcher_TestTests */ = {
			isa = PBXNativeTarget;
			buildConfigurationList = 98F0E4C321523860004098A9 /* Build configuration list for PBXNativeTarget "PlaceSearcher_TestTests" */;
			buildPhases = (
				98F0E4A82152385F004098A9 /* Sources */,
				98F0E4A92152385F004098A9 /* Frameworks */,
				98F0E4AA2152385F004098A9 /* Resources */,
			);
			buildRules = (
			);
			dependencies = (
				98F0E4AE2152385F004098A9 /* PBXTargetDependency */,
			);
			name = PlaceSearcher_TestTests;
			productName = PlaceSearcher_TestTests;
			productReference = 98F0E4AC2152385F004098A9 /* PlaceSearcher_TestTests.xctest */;
			productType = "com.apple.product-type.bundle.unit-test";
		};
		98F0E4B621523860004098A9 /* PlaceSearcher_TestUITests */ = {
			isa = PBXNativeTarget;
			buildConfigurationList = 98F0E4C621523860004098A9 /* Build configuration list for PBXNativeTarget "PlaceSearcher_TestUITests" */;
			buildPhases = (
				98F0E4B321523860004098A9 /* Sources */,
				98F0E4B421523860004098A9 /* Frameworks */,
				98F0E4B521523860004098A9 /* Resources */,
			);
			buildRules = (
			);
			dependencies = (
				98F0E4B921523860004098A9 /* PBXTargetDependency */,
			);
			name = PlaceSearcher_TestUITests;
			productName = PlaceSearcher_TestUITests;
			productReference = 98F0E4B721523860004098A9 /* PlaceSearcher_TestUITests.xctest */;
			productType = "com.apple.product-type.bundle.ui-testing";
		};
/* End PBXNativeTarget section */

/* Begin PBXProject section */
		98F0E48E2152385E004098A9 /* Project object */ = {
			isa = PBXProject;
			attributes = {
				LastSwiftUpdateCheck = 0940;
				LastUpgradeCheck = 0940;
				ORGANIZATIONNAME = "Alexandr Kurdyukov";
				TargetAttributes = {
					98F0E4952152385E004098A9 = {
						CreatedOnToolsVersion = 9.4.1;
					};
					98F0E4AB2152385F004098A9 = {
						CreatedOnToolsVersion = 9.4.1;
						TestTargetID = 98F0E4952152385E004098A9;
					};
					98F0E4B621523860004098A9 = {
						CreatedOnToolsVersion = 9.4.1;
						TestTargetID = 98F0E4952152385E004098A9;
					};
				};
			};
			buildConfigurationList = 98F0E4912152385E004098A9 /* Build configuration list for PBXProject "PlaceSearcher_Test" */;
			compatibilityVersion = "Xcode 9.3";
			developmentRegion = en;
			hasScannedForEncodings = 0;
			knownRegions = (
				en,
				Base,
			);
			mainGroup = 98F0E48D2152385E004098A9;
			productRefGroup = 98F0E4972152385E004098A9 /* Products */;
			projectDirPath = "";
			projectRoot = "";
			targets = (
				98F0E4952152385E004098A9 /* PlaceSearcher_Test */,
				98F0E4AB2152385F004098A9 /* PlaceSearcher_TestTests */,
				98F0E4B621523860004098A9 /* PlaceSearcher_TestUITests */,
			);
		};
/* End PBXProject section */

/* Begin PBXResourcesBuildPhase section */
		98F0E4942152385E004098A9 /* Resources */ = {
			isa = PBXResourcesBuildPhase;
			buildActionMask = 2147483647;
			files = (
				98F0E4A62152385F004098A9 /* LaunchScreen.storyboard in Resources */,
				98F0E4A32152385F004098A9 /* Assets.xcassets in Resources */,
				98F0E4A12152385E004098A9 /* Main.storyboard in Resources */,
			);
			runOnlyForDeploymentPostprocessing = 0;
		};
		98F0E4AA2152385F004098A9 /* Resources */ = {
			isa = PBXResourcesBuildPhase;
			buildActionMask = 2147483647;
			files = (
			);
			runOnlyForDeploymentPostprocessing = 0;
		};
		98F0E4B521523860004098A9 /* Resources */ = {
			isa = PBXResourcesBuildPhase;
			buildActionMask = 2147483647;
			files = (
			);
			runOnlyForDeploymentPostprocessing = 0;
		};
/* End PBXResourcesBuildPhase section */

/* Begin PBXSourcesBuildPhase section */
		98F0E4922152385E004098A9 /* Sources */ = {
			isa = PBXSourcesBuildPhase;
			buildActionMask = 2147483647;
			files = (
				98F0E49E2152385E004098A9 /* SecondViewController.swift in Sources */,
				98F0E49A2152385E004098A9 /* AppDelegate.swift in Sources */,
				98F0E49C2152385E004098A9 /* FirstViewController.swift in Sources */,
			);
			runOnlyForDeploymentPostprocessing = 0;
		};
		98F0E4A82152385F004098A9 /* Sources */ = {
			isa = PBXSourcesBuildPhase;
			buildActionMask = 2147483647;
			files = (
				98F0E4B12152385F004098A9 /* PlaceSearcher_TestTests.swift in Sources */,
			);
			runOnlyForDeploymentPostprocessing = 0;
		};
		98F0E4B321523860004098A9 /* Sources */ = {
			isa = PBXSourcesBuildPhase;
			buildActionMask = 2147483647;
			files = (
				98F0E4BC21523860004098A9 /* PlaceSearcher_TestUITests.swift in Sources */,
			);
			runOnlyForDeploymentPostprocessing = 0;
		};
/* End PBXSourcesBuildPhase section */

/* Begin PBXTargetDependency section */
		98F0E4AE2152385F004098A9 /* PBXTargetDependency */ = {
			isa = PBXTargetDependency;
			target = 98F0E4952152385E004098A9 /* PlaceSearcher_Test */;
			targetProxy = 98F0E4AD2152385F004098A9 /* PBXContainerItemProxy */;
		};
		98F0E4B921523860004098A9 /* PBXTargetDependency */ = {
			isa = PBXTargetDependency;
			target = 98F0E4952152385E004098A9 /* PlaceSearcher_Test */;
			targetProxy = 98F0E4B821523860004098A9 /* PBXContainerItemProxy */;
		};
/* End PBXTargetDependency section */

/* Begin PBXVariantGroup section */
		98F0E49F2152385E004098A9 /* Main.storyboard */ = {
			isa = PBXVariantGroup;
			children = (
				98F0E4A02152385E004098A9 /* Base */,
			);
			name = Main.storyboard;
			sourceTree = "<group>";
		};
		98F0E4A42152385F004098A9 /* LaunchScreen.storyboard */ = {
			isa = PBXVariantGroup;
			children = (
				98F0E4A52152385F004098A9 /* Base */,
			);
			name = LaunchScreen.storyboard;
			sourceTree = "<group>";
		};
/* End PBXVariantGroup section */

/* Begin XCBuildConfiguration section */
		98F0E4BE21523860004098A9 /* Debug */ = {
			isa = XCBuildConfiguration;
			buildSettings = {
				ALWAYS_SEARCH_USER_PATHS = NO;
				CLANG_ANALYZER_NONNULL = YES;
				CLANG_ANALYZER_NUMBER_OBJECT_CONVERSION = YES_AGGRESSIVE;
				CLANG_CXX_LANGUAGE_STANDARD = "gnu++14";
				CLANG_CXX_LIBRARY = "libc++";
				CLANG_ENABLE_MODULES = YES;
				CLANG_ENABLE_OBJC_ARC = YES;
				CLANG_ENABLE_OBJC_WEAK = YES;
				CLANG_WARN_BLOCK_CAPTURE_AUTORELEASING = YES;
				CLANG_WARN_BOOL_CONVERSION = YES;
				CLANG_WARN_COMMA = YES;
				CLANG_WARN_CONSTANT_CONVERSION = YES;
				CLANG_WARN_DEPRECATED_OBJC_IMPLEMENTATIONS = YES;
				CLANG_WARN_DIRECT_OBJC_ISA_USAGE = YES_ERROR;
				CLANG_WARN_DOCUMENTATION_COMMENTS = YES;
				CLANG_WARN_EMPTY_BODY = YES;
				CLANG_WARN_ENUM_CONVERSION = YES;
				CLANG_WARN_INFINITE_RECURSION = YES;
				CLANG_WARN_INT_CONVERSION = YES;
				CLANG_WARN_NON_LITERAL_NULL_CONVERSION = YES;
				CLANG_WARN_OBJC_IMPLICIT_RETAIN_SELF = YES;
				CLANG_WARN_OBJC_LITERAL_CONVERSION = YES;
				CLANG_WARN_OBJC_ROOT_CLASS = YES_ERROR;
				CLANG_WARN_RANGE_LOOP_ANALYSIS = YES;
				CLANG_WARN_STRICT_PROTOTYPES = YES;
				CLANG_WARN_SUSPICIOUS_MOVE = YES;
				CLANG_WARN_UNGUARDED_AVAILABILITY = YES_AGGRESSIVE;
				CLANG_WARN_UNREACHABLE_CODE = YES;
				CLANG_WARN__DUPLICATE_METHOD_MATCH = YES;
				CODE_SIGN_IDENTITY = "iPhone Developer";
				COPY_PHASE_STRIP = NO;
				DEBUG_INFORMATION_FORMAT = dwarf;
				ENABLE_STRICT_OBJC_MSGSEND = YES;
				ENABLE_TESTABILITY = YES;
				GCC_C_LANGUAGE_STANDARD = gnu11;
				GCC_DYNAMIC_NO_PIC = NO;
				GCC_NO_COMMON_BLOCKS = YES;
				GCC_OPTIMIZATION_LEVEL = 0;
				GCC_PREPROCESSOR_DEFINITIONS = (
					"DEBUG=1",
					"$(inherited)",
				);
				GCC_WARN_64_TO_32_BIT_CONVERSION = YES;
				GCC_WARN_ABOUT_RETURN_TYPE = YES_ERROR;
				GCC_WARN_UNDECLARED_SELECTOR = YES;
				GCC_WARN_UNINITIALIZED_AUTOS = YES_AGGRESSIVE;
				GCC_WARN_UNUSED_FUNCTION = YES;
				GCC_WARN_UNUSED_VARIABLE = YES;
				IPHONEOS_DEPLOYMENT_TARGET = 11.4;
				MTL_ENABLE_DEBUG_INFO = YES;
				ONLY_ACTIVE_ARCH = YES;
				SDKROOT = iphoneos;
				SWIFT_ACTIVE_COMPILATION_CONDITIONS = DEBUG;
				SWIFT_OPTIMIZATION_LEVEL = "-Onone";
			};
			name = Debug;
		};
		98F0E4BF21523860004098A9 /* Release */ = {
			isa = XCBuildConfiguration;
			buildSettings = {
				ALWAYS_SEARCH_USER_PATHS = NO;
				CLANG_ANALYZER_NONNULL = YES;
				CLANG_ANALYZER_NUMBER_OBJECT_CONVERSION = YES_AGGRESSIVE;
				CLANG_CXX_LANGUAGE_STANDARD = "gnu++14";
				CLANG_CXX_LIBRARY = "libc++";
				CLANG_ENABLE_MODULES = YES;
				CLANG_ENABLE_OBJC_ARC = YES;
				CLANG_ENABLE_OBJC_WEAK = YES;
				CLANG_WARN_BLOCK_CAPTURE_AUTORELEASING = YES;
				CLANG_WARN_BOOL_CONVERSION = YES;
				CLANG_WARN_COMMA = YES;
				CLANG_WARN_CONSTANT_CONVERSION = YES;
				CLANG_WARN_DEPRECATED_OBJC_IMPLEMENTATIONS = YES;
				CLANG_WARN_DIRECT_OBJC_ISA_USAGE = YES_ERROR;
				CLANG_WARN_DOCUMENTATION_COMMENTS = YES;
				CLANG_WARN_EMPTY_BODY = YES;
				CLANG_WARN_ENUM_CONVERSION = YES;
				CLANG_WARN_INFINITE_RECURSION = YES;
				CLANG_WARN_INT_CONVERSION = YES;
				CLANG_WARN_NON_LITERAL_NULL_CONVERSION = YES;
				CLANG_WARN_OBJC_IMPLICIT_RETAIN_SELF = YES;
				CLANG_WARN_OBJC_LITERAL_CONVERSION = YES;
				CLANG_WARN_OBJC_ROOT_CLASS = YES_ERROR;
				CLANG_WARN_RANGE_LOOP_ANALYSIS = YES;
				CLANG_WARN_STRICT_PROTOTYPES = YES;
				CLANG_WARN_SUSPICIOUS_MOVE = YES;
				CLANG_WARN_UNGUARDED_AVAILABILITY = YES_AGGRESSIVE;
				CLANG_WARN_UNREACHABLE_CODE = YES;
				CLANG_WARN__DUPLICATE_METHOD_MATCH = YES;
				CODE_SIGN_IDENTITY = "iPhone Developer";
				COPY_PHASE_STRIP = NO;
				DEBUG_INFORMATION_FORMAT = "dwarf-with-dsym";
				ENABLE_NS_ASSERTIONS = NO;
				ENABLE_STRICT_OBJC_MSGSEND = YES;
				GCC_C_LANGUAGE_STANDARD = gnu11;
				GCC_NO_COMMON_BLOCKS = YES;
				GCC_WARN_64_TO_32_BIT_CONVERSION = YES;
				GCC_WARN_ABOUT_RETURN_TYPE = YES_ERROR;
				GCC_WARN_UNDECLARED_SELECTOR = YES;
				GCC_WARN_UNINITIALIZED_AUTOS = YES_AGGRESSIVE;
				GCC_WARN_UNUSED_FUNCTION = YES;
				GCC_WARN_UNUSED_VARIABLE = YES;
				IPHONEOS_DEPLOYMENT_TARGET = 11.4;
				MTL_ENABLE_DEBUG_INFO = NO;
				SDKROOT = iphoneos;
				SWIFT_COMPILATION_MODE = wholemodule;
				SWIFT_OPTIMIZATION_LEVEL = "-O";
				VALIDATE_PRODUCT = YES;
			};
			name = Release;
		};
		98F0E4C121523860004098A9 /* Debug */ = {
			isa = XCBuildConfiguration;
			buildSettings = {
				ASSETCATALOG_COMPILER_APPICON_NAME = AppIcon;
				CODE_SIGN_STYLE = Automatic;
				DEVELOPMENT_TEAM = UJQQSG4T4A;
				INFOPLIST_FILE = PlaceSearcher_Test/Info.plist;
				LD_RUNPATH_SEARCH_PATHS = (
					"$(inherited)",
					"@executable_path/Frameworks",
				);
				PRODUCT_BUNDLE_IDENTIFIER = "nil.PlaceSearcher-Test";
				PRODUCT_NAME = "$(TARGET_NAME)";
				SWIFT_VERSION = 4.0;
				TARGETED_DEVICE_FAMILY = "1,2";
			};
			name = Debug;
		};
		98F0E4C221523860004098A9 /* Release */ = {
			isa = XCBuildConfiguration;
			buildSettings = {
				ASSETCATALOG_COMPILER_APPICON_NAME = AppIcon;
				CODE_SIGN_STYLE = Automatic;
				DEVELOPMENT_TEAM = UJQQSG4T4A;
				INFOPLIST_FILE = PlaceSearcher_Test/Info.plist;
				LD_RUNPATH_SEARCH_PATHS = (
					"$(inherited)",
					"@executable_path/Frameworks",
				);
				PRODUCT_BUNDLE_IDENTIFIER = "nil.PlaceSearcher-Test";
				PRODUCT_NAME = "$(TARGET_NAME)";
				SWIFT_VERSION = 4.0;
				TARGETED_DEVICE_FAMILY = "1,2";
			};
			name = Release;
		};
		98F0E4C421523860004098A9 /* Debug */ = {
			isa = XCBuildConfiguration;
			buildSettings = {
				ALWAYS_EMBED_SWIFT_STANDARD_LIBRARIES = YES;
				BUNDLE_LOADER = "$(TEST_HOST)";
				CODE_SIGN_STYLE = Automatic;
				DEVELOPMENT_TEAM = UJQQSG4T4A;
				INFOPLIST_FILE = PlaceSearcher_TestTests/Info.plist;
				LD_RUNPATH_SEARCH_PATHS = (
					"$(inherited)",
					"@executable_path/Frameworks",
					"@loader_path/Frameworks",
				);
				PRODUCT_BUNDLE_IDENTIFIER = "nil.PlaceSearcher-TestTests";
				PRODUCT_NAME = "$(TARGET_NAME)";
				SWIFT_VERSION = 4.0;
				TARGETED_DEVICE_FAMILY = "1,2";
				TEST_HOST = "$(BUILT_PRODUCTS_DIR)/PlaceSearcher_Test.app/PlaceSearcher_Test";
			};
			name = Debug;
		};
		98F0E4C521523860004098A9 /* Release */ = {
			isa = XCBuildConfiguration;
			buildSettings = {
				ALWAYS_EMBED_SWIFT_STANDARD_LIBRARIES = YES;
				BUNDLE_LOADER = "$(TEST_HOST)";
				CODE_SIGN_STYLE = Automatic;
				DEVELOPMENT_TEAM = UJQQSG4T4A;
				INFOPLIST_FILE = PlaceSearcher_TestTests/Info.plist;
				LD_RUNPATH_SEARCH_PATHS = (
					"$(inherited)",
					"@executable_path/Frameworks",
					"@loader_path/Frameworks",
				);
				PRODUCT_BUNDLE_IDENTIFIER = "nil.PlaceSearcher-TestTests";
				PRODUCT_NAME = "$(TARGET_NAME)";
				SWIFT_VERSION = 4.0;
				TARGETED_DEVICE_FAMILY = "1,2";
				TEST_HOST = "$(BUILT_PRODUCTS_DIR)/PlaceSearcher_Test.app/PlaceSearcher_Test";
			};
			name = Release;
		};
		98F0E4C721523860004098A9 /* Debug */ = {
			isa = XCBuildConfiguration;
			buildSettings = {
				ALWAYS_EMBED_SWIFT_STANDARD_LIBRARIES = YES;
				CODE_SIGN_STYLE = Automatic;
				DEVELOPMENT_TEAM = UJQQSG4T4A;
				INFOPLIST_FILE = PlaceSearcher_TestUITests/Info.plist;
				LD_RUNPATH_SEARCH_PATHS = (
					"$(inherited)",
					"@executable_path/Frameworks",
					"@loader_path/Frameworks",
				);
				PRODUCT_BUNDLE_IDENTIFIER = "nil.PlaceSearcher-TestUITests";
				PRODUCT_NAME = "$(TARGET_NAME)";
				SWIFT_VERSION = 4.0;
				TARGETED_DEVICE_FAMILY = "1,2";
				TEST_TARGET_NAME = PlaceSearcher_Test;
			};
			name = Debug;
		};
		98F0E4C821523860004098A9 /* Release */ = {
			isa = XCBuildConfiguration;
			buildSettings = {
				ALWAYS_EMBED_SWIFT_STANDARD_LIBRARIES = YES;
				CODE_SIGN_STYLE = Automatic;
				DEVELOPMENT_TEAM = UJQQSG4T4A;
				INFOPLIST_FILE = PlaceSearcher_TestUITests/Info.plist;
				LD_RUNPATH_SEARCH_PATHS = (
					"$(inherited)",
					"@executable_path/Frameworks",
					"@loader_path/Frameworks",
				);
				PRODUCT_BUNDLE_IDENTIFIER = "nil.PlaceSearcher-TestUITests";
				PRODUCT_NAME = "$(TARGET_NAME)";
				SWIFT_VERSION = 4.0;
				TARGETED_DEVICE_FAMILY = "1,2";
				TEST_TARGET_NAME = PlaceSearcher_Test;
			};
			name = Release;
		};
/* End XCBuildConfiguration section */

/* Begin XCConfigurationList section */
		98F0E4912152385E004098A9 /* Build configuration list for PBXProject "PlaceSearcher_Test" */ = {
			isa = XCConfigurationList;
			buildConfigurations = (
				98F0E4BE21523860004098A9 /* Debug */,
				98F0E4BF21523860004098A9 /* Release */,
			);
			defaultConfigurationIsVisible = 0;
			defaultConfigurationName = Release;
		};
		98F0E4C021523860004098A9 /* Build configuration list for PBXNativeTarget "PlaceSearcher_Test" */ = {
			isa = XCConfigurationList;
			buildConfigurations = (
				98F0E4C121523860004098A9 /* Debug */,
				98F0E4C221523860004098A9 /* Release */,
			);
			defaultConfigurationIsVisible = 0;
			defaultConfigurationName = Release;
		};
		98F0E4C321523860004098A9 /* Build configuration list for PBXNativeTarget "PlaceSearcher_TestTests" */ = {
			isa = XCConfigurationList;
			buildConfigurations = (
				98F0E4C421523860004098A9 /* Debug */,
				98F0E4C521523860004098A9 /* Release */,
			);
			defaultConfigurationIsVisible = 0;
			defaultConfigurationName = Release;
		};
		98F0E4C621523860004098A9 /* Build configuration list for PBXNativeTarget "PlaceSearcher_TestUITests" */ = {
			isa = XCConfigurationList;
			buildConfigurations = (
				98F0E4C721523860004098A9 /* Debug */,
				98F0E4C821523860004098A9 /* Release */,
			);
			defaultConfigurationIsVisible = 0;
			defaultConfigurationName = Release;
		};
/* End XCConfigurationList section */
	};
	rootObject = 98F0E48E2152385E004098A9 /* Project object */;
}
