// !$*UTF8*$!
{
	archiveVersion = 1;
	classes = {
	};
	objectVersion = 50;
	objects = {

/* Begin PBXBuildFile section */
		12C4AC7B46E3449997C1D1E4 /* Pods_PlaceSearcher.framework in Frameworks */ = {isa = PBXBuildFile; fileRef = 9BC2BCEE57C302012BF04A4C /* Pods_PlaceSearcher.framework */; };
		2DAD6534A420FCF2C6DE834D /* Pods_PlaceSearcherUITests.framework in Frameworks */ = {isa = PBXBuildFile; fileRef = 041C924C6E43AA5EF70193DD /* Pods_PlaceSearcherUITests.framework */; };
		7DC0AA7AD67A5A180016B72C /* Pods_PlaceSearcherTests.framework in Frameworks */ = {isa = PBXBuildFile; fileRef = 227D21F235E1345610F81570 /* Pods_PlaceSearcherTests.framework */; };
		98800DDA215D2268005507A7 /* GoogleService-Info.plist in Resources */ = {isa = PBXBuildFile; fileRef = 98800DD9215D2268005507A7 /* GoogleService-Info.plist */; };
		98800DDD215D559B005507A7 /* AddingViewController.swift in Sources */ = {isa = PBXBuildFile; fileRef = 98800DDC215D559B005507A7 /* AddingViewController.swift */; };
		98800DDF215D55AB005507A7 /* MapViewController.swift in Sources */ = {isa = PBXBuildFile; fileRef = 98800DDE215D55AB005507A7 /* MapViewController.swift */; };
		98800DE1215D55B9005507A7 /* SettingsViewController.swift in Sources */ = {isa = PBXBuildFile; fileRef = 98800DE0215D55B9005507A7 /* SettingsViewController.swift */; };
		98F0E49A2152385E004098A9 /* AppDelegate.swift in Sources */ = {isa = PBXBuildFile; fileRef = 98F0E4992152385E004098A9 /* AppDelegate.swift */; };
		98F0E4A12152385E004098A9 /* Main.storyboard in Resources */ = {isa = PBXBuildFile; fileRef = 98F0E49F2152385E004098A9 /* Main.storyboard */; };
		98F0E4A32152385F004098A9 /* Assets.xcassets in Resources */ = {isa = PBXBuildFile; fileRef = 98F0E4A22152385F004098A9 /* Assets.xcassets */; };
		98F0E4A62152385F004098A9 /* LaunchScreen.storyboard in Resources */ = {isa = PBXBuildFile; fileRef = 98F0E4A42152385F004098A9 /* LaunchScreen.storyboard */; };
		98F0E4B12152385F004098A9 /* PlaceSearcher_TestTests.swift in Sources */ = {isa = PBXBuildFile; fileRef = 98F0E4B02152385F004098A9 /* PlaceSearcher_TestTests.swift */; };
		98F0E4BC21523860004098A9 /* PlaceSearcher_TestUITests.swift in Sources */ = {isa = PBXBuildFile; fileRef = 98F0E4BB21523860004098A9 /* PlaceSearcher_TestUITests.swift */; };
/* End PBXBuildFile section */

/* Begin PBXContainerItemProxy section */
		98F0E4AD2152385F004098A9 /* PBXContainerItemProxy */ = {
			isa = PBXContainerItemProxy;
			containerPortal = 98F0E48E2152385E004098A9 /* Project object */;
			proxyType = 1;
			remoteGlobalIDString = 98F0E4952152385E004098A9;
			remoteInfo = PlaceSearcher_Test;
		};
		98F0E4B821523860004098A9 /* PBXContainerItemProxy */ = {
			isa = PBXContainerItemProxy;
			containerPortal = 98F0E48E2152385E004098A9 /* Project object */;
			proxyType = 1;
			remoteGlobalIDString = 98F0E4952152385E004098A9;
			remoteInfo = PlaceSearcher_Test;
		};
/* End PBXContainerItemProxy section */

/* Begin PBXFileReference section */
		041C924C6E43AA5EF70193DD /* Pods_PlaceSearcherUITests.framework */ = {isa = PBXFileReference; explicitFileType = wrapper.framework; includeInIndex = 0; path = Pods_PlaceSearcherUITests.framework; sourceTree = BUILT_PRODUCTS_DIR; };
		221F11F2616A91DA58864153 /* Pods-PlaceSearcher.release.xcconfig */ = {isa = PBXFileReference; includeInIndex = 1; lastKnownFileType = text.xcconfig; name = "Pods-PlaceSearcher.release.xcconfig"; path = "Pods/Target Support Files/Pods-PlaceSearcher/Pods-PlaceSearcher.release.xcconfig"; sourceTree = "<group>"; };
		227D21F235E1345610F81570 /* Pods_PlaceSearcherTests.framework */ = {isa = PBXFileReference; explicitFileType = wrapper.framework; includeInIndex = 0; path = Pods_PlaceSearcherTests.framework; sourceTree = BUILT_PRODUCTS_DIR; };
		2A4204CCECEEB3F14078D4B1 /* Pods-PlaceSearcherUITests.debug.xcconfig */ = {isa = PBXFileReference; includeInIndex = 1; lastKnownFileType = text.xcconfig; name = "Pods-PlaceSearcherUITests.debug.xcconfig"; path = "Pods/Target Support Files/Pods-PlaceSearcherUITests/Pods-PlaceSearcherUITests.debug.xcconfig"; sourceTree = "<group>"; };
		7F7C457DD0D167A1CAD08806 /* Pods-PlaceSearcher.debug.xcconfig */ = {isa = PBXFileReference; includeInIndex = 1; lastKnownFileType = text.xcconfig; name = "Pods-PlaceSearcher.debug.xcconfig"; path = "Pods/Target Support Files/Pods-PlaceSearcher/Pods-PlaceSearcher.debug.xcconfig"; sourceTree = "<group>"; };
		98800DD9215D2268005507A7 /* GoogleService-Info.plist */ = {isa = PBXFileReference; fileEncoding = 4; lastKnownFileType = text.plist.xml; name = "GoogleService-Info.plist"; path = "../../../../Downloads/GoogleService-Info.plist"; sourceTree = "<group>"; };
		98800DDC215D559B005507A7 /* AddingViewController.swift */ = {isa = PBXFileReference; lastKnownFileType = sourcecode.swift; path = AddingViewController.swift; sourceTree = "<group>"; };
		98800DDE215D55AB005507A7 /* MapViewController.swift */ = {isa = PBXFileReference; lastKnownFileType = sourcecode.swift; path = MapViewController.swift; sourceTree = "<group>"; };
		98800DE0215D55B9005507A7 /* SettingsViewController.swift */ = {isa = PBXFileReference; lastKnownFileType = sourcecode.swift; path = SettingsViewController.swift; sourceTree = "<group>"; };
		98F0E4962152385E004098A9 /* PlaceSearcher.app */ = {isa = PBXFileReference; explicitFileType = wrapper.application; includeInIndex = 0; path = PlaceSearcher.app; sourceTree = BUILT_PRODUCTS_DIR; };
		98F0E4992152385E004098A9 /* AppDelegate.swift */ = {isa = PBXFileReference; lastKnownFileType = sourcecode.swift; path = AppDelegate.swift; sourceTree = "<group>"; };
		98F0E4A02152385E004098A9 /* Base */ = {isa = PBXFileReference; lastKnownFileType = file.storyboard; name = Base; path = Base.lproj/Main.storyboard; sourceTree = "<group>"; };
		98F0E4A22152385F004098A9 /* Assets.xcassets */ = {isa = PBXFileReference; lastKnownFileType = folder.assetcatalog; path = Assets.xcassets; sourceTree = "<group>"; };
		98F0E4A52152385F004098A9 /* Base */ = {isa = PBXFileReference; lastKnownFileType = file.storyboard; name = Base; path = Base.lproj/LaunchScreen.storyboard; sourceTree = "<group>"; };
		98F0E4A72152385F004098A9 /* Info.plist */ = {isa = PBXFileReference; lastKnownFileType = text.plist.xml; path = Info.plist; sourceTree = "<group>"; };
		98F0E4AC2152385F004098A9 /* PlaceSearcherTests.xctest */ = {isa = PBXFileReference; explicitFileType = wrapper.cfbundle; includeInIndex = 0; path = PlaceSearcherTests.xctest; sourceTree = BUILT_PRODUCTS_DIR; };
		98F0E4B02152385F004098A9 /* PlaceSearcher_TestTests.swift */ = {isa = PBXFileReference; lastKnownFileType = sourcecode.swift; path = PlaceSearcher_TestTests.swift; sourceTree = "<group>"; };
		98F0E4B22152385F004098A9 /* Info.plist */ = {isa = PBXFileReference; lastKnownFileType = text.plist.xml; path = Info.plist; sourceTree = "<group>"; };
		98F0E4B721523860004098A9 /* PlaceSearcherUITests.xctest */ = {isa = PBXFileReference; explicitFileType = wrapper.cfbundle; includeInIndex = 0; path = PlaceSearcherUITests.xctest; sourceTree = BUILT_PRODUCTS_DIR; };
		98F0E4BB21523860004098A9 /* PlaceSearcher_TestUITests.swift */ = {isa = PBXFileReference; lastKnownFileType = sourcecode.swift; path = PlaceSearcher_TestUITests.swift; sourceTree = "<group>"; };
		98F0E4BD21523860004098A9 /* Info.plist */ = {isa = PBXFileReference; lastKnownFileType = text.plist.xml; path = Info.plist; sourceTree = "<group>"; };
		9BC2BCEE57C302012BF04A4C /* Pods_PlaceSearcher.framework */ = {isa = PBXFileReference; explicitFileType = wrapper.framework; includeInIndex = 0; path = Pods_PlaceSearcher.framework; sourceTree = BUILT_PRODUCTS_DIR; };
		CDE990526F42E493CE29BE4E /* Pods-PlaceSearcherTests.release.xcconfig */ = {isa = PBXFileReference; includeInIndex = 1; lastKnownFileType = text.xcconfig; name = "Pods-PlaceSearcherTests.release.xcconfig"; path = "Pods/Target Support Files/Pods-PlaceSearcherTests/Pods-PlaceSearcherTests.release.xcconfig"; sourceTree = "<group>"; };
		D22F4A9B37CDC10F600A1327 /* Pods-PlaceSearcherUITests.release.xcconfig */ = {isa = PBXFileReference; includeInIndex = 1; lastKnownFileType = text.xcconfig; name = "Pods-PlaceSearcherUITests.release.xcconfig"; path = "Pods/Target Support Files/Pods-PlaceSearcherUITests/Pods-PlaceSearcherUITests.release.xcconfig"; sourceTree = "<group>"; };
		E0552A5F8BBDC406ECA383C9 /* Pods-PlaceSearcherTests.debug.xcconfig */ = {isa = PBXFileReference; includeInIndex = 1; lastKnownFileType = text.xcconfig; name = "Pods-PlaceSearcherTests.debug.xcconfig"; path = "Pods/Target Support Files/Pods-PlaceSearcherTests/Pods-PlaceSearcherTests.debug.xcconfig"; sourceTree = "<group>"; };
/* End PBXFileReference section */

/* Begin PBXFrameworksBuildPhase section */
		98F0E4932152385E004098A9 /* Frameworks */ = {
			isa = PBXFrameworksBuildPhase;
			buildActionMask = 2147483647;
			files = (
				12C4AC7B46E3449997C1D1E4 /* Pods_PlaceSearcher.framework in Frameworks */,
			);
			runOnlyForDeploymentPostprocessing = 0;
		};
		98F0E4A92152385F004098A9 /* Frameworks */ = {
			isa = PBXFrameworksBuildPhase;
			buildActionMask = 2147483647;
			files = (
				7DC0AA7AD67A5A180016B72C /* Pods_PlaceSearcherTests.framework in Frameworks */,
			);
			runOnlyForDeploymentPostprocessing = 0;
		};
		98F0E4B421523860004098A9 /* Frameworks */ = {
			isa = PBXFrameworksBuildPhase;
			buildActionMask = 2147483647;
			files = (
				2DAD6534A420FCF2C6DE834D /* Pods_PlaceSearcherUITests.framework in Frameworks */,
			);
			runOnlyForDeploymentPostprocessing = 0;
		};
/* End PBXFrameworksBuildPhase section */

/* Begin PBXGroup section */
		980790E7215979F700CBC67A /* Controllers */ = {
			isa = PBXGroup;
			children = (
				98800DDC215D559B005507A7 /* AddingViewController.swift */,
				98800DDE215D55AB005507A7 /* MapViewController.swift */,
				98800DE0215D55B9005507A7 /* SettingsViewController.swift */,
			);
			path = Controllers;
			sourceTree = "<group>";
		};
		98800DD3215D21A5005507A7 /* sup */ = {
			isa = PBXGroup;
			children = (
				98F0E4992152385E004098A9 /* AppDelegate.swift */,
				98F0E4A22152385F004098A9 /* Assets.xcassets */,
				98F0E4A42152385F004098A9 /* LaunchScreen.storyboard */,
			);
			path = sup;
			sourceTree = "<group>";
		};
		98800DDB215D2B92005507A7 /* Model */ = {
			isa = PBXGroup;
			children = (
			);
			path = Model;
			sourceTree = "<group>";
		};
		98F0E48D2152385E004098A9 = {
			isa = PBXGroup;
			children = (
				98F0E4982152385E004098A9 /* PlaceSearcher_Test */,
				98F0E4AF2152385F004098A9 /* PlaceSearcher_TestTests */,
				98F0E4BA21523860004098A9 /* PlaceSearcher_TestUITests */,
				98F0E4972152385E004098A9 /* Products */,
				A38AF0999F46BECDA1DC8AD9 /* Pods */,
				D93141895CDE3E3072F96778 /* Frameworks */,
			);
			sourceTree = "<group>";
		};
		98F0E4972152385E004098A9 /* Products */ = {
			isa = PBXGroup;
			children = (
				98F0E4962152385E004098A9 /* PlaceSearcher.app */,
				98F0E4AC2152385F004098A9 /* PlaceSearcherTests.xctest */,
				98F0E4B721523860004098A9 /* PlaceSearcherUITests.xctest */,
			);
			name = Products;
			sourceTree = "<group>";
		};
		98F0E4982152385E004098A9 /* PlaceSearcher_Test */ = {
			isa = PBXGroup;
			children = (
				98800DDB215D2B92005507A7 /* Model */,
				98800DD3215D21A5005507A7 /* sup */,
				98F0E49F2152385E004098A9 /* Main.storyboard */,
				98F0E4A72152385F004098A9 /* Info.plist */,
				98800DD9215D2268005507A7 /* GoogleService-Info.plist */,
				980790E7215979F700CBC67A /* Controllers */,
			);
			path = PlaceSearcher_Test;
			sourceTree = "<group>";
		};
		98F0E4AF2152385F004098A9 /* PlaceSearcher_TestTests */ = {
			isa = PBXGroup;
			children = (
				98F0E4B02152385F004098A9 /* PlaceSearcher_TestTests.swift */,
				98F0E4B22152385F004098A9 /* Info.plist */,
			);
			path = PlaceSearcher_TestTests;
			sourceTree = "<group>";
		};
		98F0E4BA21523860004098A9 /* PlaceSearcher_TestUITests */ = {
			isa = PBXGroup;
			children = (
				98F0E4BB21523860004098A9 /* PlaceSearcher_TestUITests.swift */,
				98F0E4BD21523860004098A9 /* Info.plist */,
			);
			path = PlaceSearcher_TestUITests;
			sourceTree = "<group>";
		};
		A38AF0999F46BECDA1DC8AD9 /* Pods */ = {
			isa = PBXGroup;
			children = (
				7F7C457DD0D167A1CAD08806 /* Pods-PlaceSearcher.debug.xcconfig */,
				221F11F2616A91DA58864153 /* Pods-PlaceSearcher.release.xcconfig */,
				E0552A5F8BBDC406ECA383C9 /* Pods-PlaceSearcherTests.debug.xcconfig */,
				CDE990526F42E493CE29BE4E /* Pods-PlaceSearcherTests.release.xcconfig */,
				2A4204CCECEEB3F14078D4B1 /* Pods-PlaceSearcherUITests.debug.xcconfig */,
				D22F4A9B37CDC10F600A1327 /* Pods-PlaceSearcherUITests.release.xcconfig */,
			);
			name = Pods;
			sourceTree = "<group>";
		};
		D93141895CDE3E3072F96778 /* Frameworks */ = {
			isa = PBXGroup;
			children = (
				9BC2BCEE57C302012BF04A4C /* Pods_PlaceSearcher.framework */,
				227D21F235E1345610F81570 /* Pods_PlaceSearcherTests.framework */,
				041C924C6E43AA5EF70193DD /* Pods_PlaceSearcherUITests.framework */,
			);
			name = Frameworks;
			sourceTree = "<group>";
		};
/* End PBXGroup section */

/* Begin PBXNativeTarget section */
		98F0E4952152385E004098A9 /* PlaceSearcher */ = {
			isa = PBXNativeTarget;
			buildConfigurationList = 98F0E4C021523860004098A9 /* Build configuration list for PBXNativeTarget "PlaceSearcher" */;
			buildPhases = (
				2532ADF05098CBD2A1EB1903 /* [CP] Check Pods Manifest.lock */,
				98F0E4922152385E004098A9 /* Sources */,
				98F0E4932152385E004098A9 /* Frameworks */,
				98F0E4942152385E004098A9 /* Resources */,
				CCB5BECD6FF5AEF648CE8BF2 /* [CP] Embed Pods Frameworks */,
			);
			buildRules = (
			);
			dependencies = (
			);
			name = PlaceSearcher;
			productName = PlaceSearcher_Test;
			productReference = 98F0E4962152385E004098A9 /* PlaceSearcher.app */;
			productType = "com.apple.product-type.application";
		};
		98F0E4AB2152385F004098A9 /* PlaceSearcherTests */ = {
			isa = PBXNativeTarget;
			buildConfigurationList = 98F0E4C321523860004098A9 /* Build configuration list for PBXNativeTarget "PlaceSearcherTests" */;
			buildPhases = (
				2AD4E9789AFFBA96492FA8BD /* [CP] Check Pods Manifest.lock */,
				98F0E4A82152385F004098A9 /* Sources */,
				98F0E4A92152385F004098A9 /* Frameworks */,
				98F0E4AA2152385F004098A9 /* Resources */,
			);
			buildRules = (
			);
			dependencies = (
				98F0E4AE2152385F004098A9 /* PBXTargetDependency */,
			);
			name = PlaceSearcherTests;
			productName = PlaceSearcher_TestTests;
			productReference = 98F0E4AC2152385F004098A9 /* PlaceSearcherTests.xctest */;
			productType = "com.apple.product-type.bundle.unit-test";
		};
		98F0E4B621523860004098A9 /* PlaceSearcherUITests */ = {
			isa = PBXNativeTarget;
			buildConfigurationList = 98F0E4C621523860004098A9 /* Build configuration list for PBXNativeTarget "PlaceSearcherUITests" */;
			buildPhases = (
				63F96EBB1D571A0CB9857720 /* [CP] Check Pods Manifest.lock */,
				98F0E4B321523860004098A9 /* Sources */,
				98F0E4B421523860004098A9 /* Frameworks */,
				98F0E4B521523860004098A9 /* Resources */,
			);
			buildRules = (
			);
			dependencies = (
				98F0E4B921523860004098A9 /* PBXTargetDependency */,
			);
			name = PlaceSearcherUITests;
			productName = PlaceSearcher_TestUITests;
			productReference = 98F0E4B721523860004098A9 /* PlaceSearcherUITests.xctest */;
			productType = "com.apple.product-type.bundle.ui-testing";
		};
/* End PBXNativeTarget section */

/* Begin PBXProject section */
		98F0E48E2152385E004098A9 /* Project object */ = {
			isa = PBXProject;
			attributes = {
				LastSwiftUpdateCheck = 0940;
				LastUpgradeCheck = 0940;
				ORGANIZATIONNAME = "Alexandr Kurdyukov";
				TargetAttributes = {
					98F0E4952152385E004098A9 = {
						CreatedOnToolsVersion = 9.4.1;
						LastSwiftMigration = 1000;
					};
					98F0E4AB2152385F004098A9 = {
						CreatedOnToolsVersion = 9.4.1;
						LastSwiftMigration = 1000;
						TestTargetID = 98F0E4952152385E004098A9;
					};
					98F0E4B621523860004098A9 = {
						CreatedOnToolsVersion = 9.4.1;
						LastSwiftMigration = 1000;
						TestTargetID = 98F0E4952152385E004098A9;
					};
				};
			};
			buildConfigurationList = 98F0E4912152385E004098A9 /* Build configuration list for PBXProject "PlaceSearcher" */;
			compatibilityVersion = "Xcode 9.3";
			developmentRegion = en;
			hasScannedForEncodings = 0;
			knownRegions = (
				en,
				Base,
			);
			mainGroup = 98F0E48D2152385E004098A9;
			productRefGroup = 98F0E4972152385E004098A9 /* Products */;
			projectDirPath = "";
			projectRoot = "";
			targets = (
				98F0E4952152385E004098A9 /* PlaceSearcher */,
				98F0E4AB2152385F004098A9 /* PlaceSearcherTests */,
				98F0E4B621523860004098A9 /* PlaceSearcherUITests */,
			);
		};
/* End PBXProject section */

/* Begin PBXResourcesBuildPhase section */
		98F0E4942152385E004098A9 /* Resources */ = {
			isa = PBXResourcesBuildPhase;
			buildActionMask = 2147483647;
			files = (
				98F0E4A62152385F004098A9 /* LaunchScreen.storyboard in Resources */,
				98800DDA215D2268005507A7 /* GoogleService-Info.plist in Resources */,
				98F0E4A32152385F004098A9 /* Assets.xcassets in Resources */,
				98F0E4A12152385E004098A9 /* Main.storyboard in Resources */,
			);
			runOnlyForDeploymentPostprocessing = 0;
		};
		98F0E4AA2152385F004098A9 /* Resources */ = {
			isa = PBXResourcesBuildPhase;
			buildActionMask = 2147483647;
			files = (
			);
			runOnlyForDeploymentPostprocessing = 0;
		};
		98F0E4B521523860004098A9 /* Resources */ = {
			isa = PBXResourcesBuildPhase;
			buildActionMask = 2147483647;
			files = (
			);
			runOnlyForDeploymentPostprocessing = 0;
		};
/* End PBXResourcesBuildPhase section */

/* Begin PBXShellScriptBuildPhase section */
		2532ADF05098CBD2A1EB1903 /* [CP] Check Pods Manifest.lock */ = {
			isa = PBXShellScriptBuildPhase;
			buildActionMask = 2147483647;
			files = (
			);
			inputFileListPaths = (
			);
			inputPaths = (
				"${PODS_PODFILE_DIR_PATH}/Podfile.lock",
				"${PODS_ROOT}/Manifest.lock",
			);
			name = "[CP] Check Pods Manifest.lock";
			outputFileListPaths = (
			);
			outputPaths = (
				"$(DERIVED_FILE_DIR)/Pods-PlaceSearcher-checkManifestLockResult.txt",
			);
			runOnlyForDeploymentPostprocessing = 0;
			shellPath = /bin/sh;
			shellScript = "diff \"${PODS_PODFILE_DIR_PATH}/Podfile.lock\" \"${PODS_ROOT}/Manifest.lock\" > /dev/null\nif [ $? != 0 ] ; then\n    # print error to STDERR\n    echo \"error: The sandbox is not in sync with the Podfile.lock. Run 'pod install' or update your CocoaPods installation.\" >&2\n    exit 1\nfi\n# This output is used by Xcode 'outputs' to avoid re-running this script phase.\necho \"SUCCESS\" > \"${SCRIPT_OUTPUT_FILE_0}\"\n";
			showEnvVarsInLog = 0;
		};
		2AD4E9789AFFBA96492FA8BD /* [CP] Check Pods Manifest.lock */ = {
			isa = PBXShellScriptBuildPhase;
			buildActionMask = 2147483647;
			files = (
			);
			inputFileListPaths = (
			);
			inputPaths = (
				"${PODS_PODFILE_DIR_PATH}/Podfile.lock",
				"${PODS_ROOT}/Manifest.lock",
			);
			name = "[CP] Check Pods Manifest.lock";
			outputFileListPaths = (
			);
			outputPaths = (
				"$(DERIVED_FILE_DIR)/Pods-PlaceSearcherTests-checkManifestLockResult.txt",
			);
			runOnlyForDeploymentPostprocessing = 0;
			shellPath = /bin/sh;
			shellScript = "diff \"${PODS_PODFILE_DIR_PATH}/Podfile.lock\" \"${PODS_ROOT}/Manifest.lock\" > /dev/null\nif [ $? != 0 ] ; then\n    # print error to STDERR\n    echo \"error: The sandbox is not in sync with the Podfile.lock. Run 'pod install' or update your CocoaPods installation.\" >&2\n    exit 1\nfi\n# This output is used by Xcode 'outputs' to avoid re-running this script phase.\necho \"SUCCESS\" > \"${SCRIPT_OUTPUT_FILE_0}\"\n";
			showEnvVarsInLog = 0;
		};
		63F96EBB1D571A0CB9857720 /* [CP] Check Pods Manifest.lock */ = {
			isa = PBXShellScriptBuildPhase;
			buildActionMask = 2147483647;
			files = (
			);
			inputFileListPaths = (
			);
			inputPaths = (
				"${PODS_PODFILE_DIR_PATH}/Podfile.lock",
				"${PODS_ROOT}/Manifest.lock",
			);
			name = "[CP] Check Pods Manifest.lock";
			outputFileListPaths = (
			);
			outputPaths = (
				"$(DERIVED_FILE_DIR)/Pods-PlaceSearcherUITests-checkManifestLockResult.txt",
			);
			runOnlyForDeploymentPostprocessing = 0;
			shellPath = /bin/sh;
			shellScript = "diff \"${PODS_PODFILE_DIR_PATH}/Podfile.lock\" \"${PODS_ROOT}/Manifest.lock\" > /dev/null\nif [ $? != 0 ] ; then\n    # print error to STDERR\n    echo \"error: The sandbox is not in sync with the Podfile.lock. Run 'pod install' or update your CocoaPods installation.\" >&2\n    exit 1\nfi\n# This output is used by Xcode 'outputs' to avoid re-running this script phase.\necho \"SUCCESS\" > \"${SCRIPT_OUTPUT_FILE_0}\"\n";
			showEnvVarsInLog = 0;
		};
		CCB5BECD6FF5AEF648CE8BF2 /* [CP] Embed Pods Frameworks */ = {
			isa = PBXShellScriptBuildPhase;
			buildActionMask = 2147483647;
			files = (
			);
			inputFileListPaths = (
			);
			inputPaths = (
				"${SRCROOT}/Pods/Target Support Files/Pods-PlaceSearcher/Pods-PlaceSearcher-frameworks.sh",
				"${BUILT_PRODUCTS_DIR}/GoogleUtilities/GoogleUtilities.framework",
				"${BUILT_PRODUCTS_DIR}/SwiftyJSON/SwiftyJSON.framework",
				"${BUILT_PRODUCTS_DIR}/leveldb-library/leveldb.framework",
				"${BUILT_PRODUCTS_DIR}/nanopb/nanopb.framework",
			);
			name = "[CP] Embed Pods Frameworks";
			outputFileListPaths = (
			);
			outputPaths = (
				"${TARGET_BUILD_DIR}/${FRAMEWORKS_FOLDER_PATH}/GoogleUtilities.framework",
				"${TARGET_BUILD_DIR}/${FRAMEWORKS_FOLDER_PATH}/SwiftyJSON.framework",
				"${TARGET_BUILD_DIR}/${FRAMEWORKS_FOLDER_PATH}/leveldb.framework",
				"${TARGET_BUILD_DIR}/${FRAMEWORKS_FOLDER_PATH}/nanopb.framework",
			);
			runOnlyForDeploymentPostprocessing = 0;
			shellPath = /bin/sh;
			shellScript = "\"${SRCROOT}/Pods/Target Support Files/Pods-PlaceSearcher/Pods-PlaceSearcher-frameworks.sh\"\n";
			showEnvVarsInLog = 0;
		};
/* End PBXShellScriptBuildPhase section */

/* Begin PBXSourcesBuildPhase section */
		98F0E4922152385E004098A9 /* Sources */ = {
			isa = PBXSourcesBuildPhase;
			buildActionMask = 2147483647;
			files = (
				98F0E49A2152385E004098A9 /* AppDelegate.swift in Sources */,
				98800DDF215D55AB005507A7 /* MapViewController.swift in Sources */,
				98800DDD215D559B005507A7 /* AddingViewController.swift in Sources */,
				98800DE1215D55B9005507A7 /* SettingsViewController.swift in Sources */,
			);
			runOnlyForDeploymentPostprocessing = 0;
		};
		98F0E4A82152385F004098A9 /* Sources */ = {
			isa = PBXSourcesBuildPhase;
			buildActionMask = 2147483647;
			files = (
				98F0E4B12152385F004098A9 /* PlaceSearcher_TestTests.swift in Sources */,
			);
			runOnlyForDeploymentPostprocessing = 0;
		};
		98F0E4B321523860004098A9 /* Sources */ = {
			isa = PBXSourcesBuildPhase;
			buildActionMask = 2147483647;
			files = (
				98F0E4BC21523860004098A9 /* PlaceSearcher_TestUITests.swift in Sources */,
			);
			runOnlyForDeploymentPostprocessing = 0;
		};
/* End PBXSourcesBuildPhase section */

/* Begin PBXTargetDependency section */
		98F0E4AE2152385F004098A9 /* PBXTargetDependency */ = {
			isa = PBXTargetDependency;
			target = 98F0E4952152385E004098A9 /* PlaceSearcher */;
			targetProxy = 98F0E4AD2152385F004098A9 /* PBXContainerItemProxy */;
		};
		98F0E4B921523860004098A9 /* PBXTargetDependency */ = {
			isa = PBXTargetDependency;
			target = 98F0E4952152385E004098A9 /* PlaceSearcher */;
			targetProxy = 98F0E4B821523860004098A9 /* PBXContainerItemProxy */;
		};
/* End PBXTargetDependency section */

/* Begin PBXVariantGroup section */
		98F0E49F2152385E004098A9 /* Main.storyboard */ = {
			isa = PBXVariantGroup;
			children = (
				98F0E4A02152385E004098A9 /* Base */,
			);
			name = Main.storyboard;
			sourceTree = "<group>";
		};
		98F0E4A42152385F004098A9 /* LaunchScreen.storyboard */ = {
			isa = PBXVariantGroup;
			children = (
				98F0E4A52152385F004098A9 /* Base */,
			);
			name = LaunchScreen.storyboard;
			sourceTree = "<group>";
		};
/* End PBXVariantGroup section */

/* Begin XCBuildConfiguration section */
		98F0E4BE21523860004098A9 /* Debug */ = {
			isa = XCBuildConfiguration;
			buildSettings = {
				ALWAYS_SEARCH_USER_PATHS = NO;
				CLANG_ANALYZER_NONNULL = YES;
				CLANG_ANALYZER_NUMBER_OBJECT_CONVERSION = YES_AGGRESSIVE;
				CLANG_CXX_LANGUAGE_STANDARD = "gnu++14";
				CLANG_CXX_LIBRARY = "libc++";
				CLANG_ENABLE_MODULES = YES;
				CLANG_ENABLE_OBJC_ARC = YES;
				CLANG_ENABLE_OBJC_WEAK = YES;
				CLANG_WARN_BLOCK_CAPTURE_AUTORELEASING = YES;
				CLANG_WARN_BOOL_CONVERSION = YES;
				CLANG_WARN_COMMA = YES;
				CLANG_WARN_CONSTANT_CONVERSION = YES;
				CLANG_WARN_DEPRECATED_OBJC_IMPLEMENTATIONS = YES;
				CLANG_WARN_DIRECT_OBJC_ISA_USAGE = YES_ERROR;
				CLANG_WARN_DOCUMENTATION_COMMENTS = YES;
				CLANG_WARN_EMPTY_BODY = YES;
				CLANG_WARN_ENUM_CONVERSION = YES;
				CLANG_WARN_INFINITE_RECURSION = YES;
				CLANG_WARN_INT_CONVERSION = YES;
				CLANG_WARN_NON_LITERAL_NULL_CONVERSION = YES;
				CLANG_WARN_OBJC_IMPLICIT_RETAIN_SELF = YES;
				CLANG_WARN_OBJC_LITERAL_CONVERSION = YES;
				CLANG_WARN_OBJC_ROOT_CLASS = YES_ERROR;
				CLANG_WARN_RANGE_LOOP_ANALYSIS = YES;
				CLANG_WARN_STRICT_PROTOTYPES = YES;
				CLANG_WARN_SUSPICIOUS_MOVE = YES;
				CLANG_WARN_UNGUARDED_AVAILABILITY = YES_AGGRESSIVE;
				CLANG_WARN_UNREACHABLE_CODE = YES;
				CLANG_WARN__DUPLICATE_METHOD_MATCH = YES;
				CODE_SIGN_IDENTITY = "iPhone Developer";
				COPY_PHASE_STRIP = NO;
				DEBUG_INFORMATION_FORMAT = dwarf;
				ENABLE_STRICT_OBJC_MSGSEND = YES;
				ENABLE_TESTABILITY = YES;
				GCC_C_LANGUAGE_STANDARD = gnu11;
				GCC_DYNAMIC_NO_PIC = NO;
				GCC_NO_COMMON_BLOCKS = YES;
				GCC_OPTIMIZATION_LEVEL = 0;
				GCC_PREPROCESSOR_DEFINITIONS = (
					"DEBUG=1",
					"$(inherited)",
				);
				GCC_WARN_64_TO_32_BIT_CONVERSION = YES;
				GCC_WARN_ABOUT_RETURN_TYPE = YES_ERROR;
				GCC_WARN_UNDECLARED_SELECTOR = YES;
				GCC_WARN_UNINITIALIZED_AUTOS = YES_AGGRESSIVE;
				GCC_WARN_UNUSED_FUNCTION = YES;
				GCC_WARN_UNUSED_VARIABLE = YES;
				IPHONEOS_DEPLOYMENT_TARGET = 11.4;
				MTL_ENABLE_DEBUG_INFO = YES;
				ONLY_ACTIVE_ARCH = YES;
				SDKROOT = iphoneos;
				SWIFT_ACTIVE_COMPILATION_CONDITIONS = DEBUG;
				SWIFT_OPTIMIZATION_LEVEL = "-Onone";
			};
			name = Debug;
		};
		98F0E4BF21523860004098A9 /* Release */ = {
			isa = XCBuildConfiguration;
			buildSettings = {
				ALWAYS_SEARCH_USER_PATHS = NO;
				CLANG_ANALYZER_NONNULL = YES;
				CLANG_ANALYZER_NUMBER_OBJECT_CONVERSION = YES_AGGRESSIVE;
				CLANG_CXX_LANGUAGE_STANDARD = "gnu++14";
				CLANG_CXX_LIBRARY = "libc++";
				CLANG_ENABLE_MODULES = YES;
				CLANG_ENABLE_OBJC_ARC = YES;
				CLANG_ENABLE_OBJC_WEAK = YES;
				CLANG_WARN_BLOCK_CAPTURE_AUTORELEASING = YES;
				CLANG_WARN_BOOL_CONVERSION = YES;
				CLANG_WARN_COMMA = YES;
				CLANG_WARN_CONSTANT_CONVERSION = YES;
				CLANG_WARN_DEPRECATED_OBJC_IMPLEMENTATIONS = YES;
				CLANG_WARN_DIRECT_OBJC_ISA_USAGE = YES_ERROR;
				CLANG_WARN_DOCUMENTATION_COMMENTS = YES;
				CLANG_WARN_EMPTY_BODY = YES;
				CLANG_WARN_ENUM_CONVERSION = YES;
				CLANG_WARN_INFINITE_RECURSION = YES;
				CLANG_WARN_INT_CONVERSION = YES;
				CLANG_WARN_NON_LITERAL_NULL_CONVERSION = YES;
				CLANG_WARN_OBJC_IMPLICIT_RETAIN_SELF = YES;
				CLANG_WARN_OBJC_LITERAL_CONVERSION = YES;
				CLANG_WARN_OBJC_ROOT_CLASS = YES_ERROR;
				CLANG_WARN_RANGE_LOOP_ANALYSIS = YES;
				CLANG_WARN_STRICT_PROTOTYPES = YES;
				CLANG_WARN_SUSPICIOUS_MOVE = YES;
				CLANG_WARN_UNGUARDED_AVAILABILITY = YES_AGGRESSIVE;
				CLANG_WARN_UNREACHABLE_CODE = YES;
				CLANG_WARN__DUPLICATE_METHOD_MATCH = YES;
				CODE_SIGN_IDENTITY = "iPhone Developer";
				COPY_PHASE_STRIP = NO;
				DEBUG_INFORMATION_FORMAT = "dwarf-with-dsym";
				ENABLE_NS_ASSERTIONS = NO;
				ENABLE_STRICT_OBJC_MSGSEND = YES;
				GCC_C_LANGUAGE_STANDARD = gnu11;
				GCC_NO_COMMON_BLOCKS = YES;
				GCC_WARN_64_TO_32_BIT_CONVERSION = YES;
				GCC_WARN_ABOUT_RETURN_TYPE = YES_ERROR;
				GCC_WARN_UNDECLARED_SELECTOR = YES;
				GCC_WARN_UNINITIALIZED_AUTOS = YES_AGGRESSIVE;
				GCC_WARN_UNUSED_FUNCTION = YES;
				GCC_WARN_UNUSED_VARIABLE = YES;
				IPHONEOS_DEPLOYMENT_TARGET = 11.4;
				MTL_ENABLE_DEBUG_INFO = NO;
				SDKROOT = iphoneos;
				SWIFT_COMPILATION_MODE = wholemodule;
				SWIFT_OPTIMIZATION_LEVEL = "-O";
				VALIDATE_PRODUCT = YES;
			};
			name = Release;
		};
		98F0E4C121523860004098A9 /* Debug */ = {
			isa = XCBuildConfiguration;
			baseConfigurationReference = 7F7C457DD0D167A1CAD08806 /* Pods-PlaceSearcher.debug.xcconfig */;
			buildSettings = {
				ASSETCATALOG_COMPILER_APPICON_NAME = AppIcon;
				CODE_SIGN_STYLE = Automatic;
				DEVELOPMENT_TEAM = UJQQSG4T4A;
				INFOPLIST_FILE = PlaceSearcher_Test/Info.plist;
				LD_RUNPATH_SEARCH_PATHS = (
					"$(inherited)",
					"@executable_path/Frameworks",
				);
				PRODUCT_BUNDLE_IDENTIFIER = nil.PlaceSearcher;
				PRODUCT_NAME = "$(TARGET_NAME)";
				SWIFT_VERSION = 4.2;
				TARGETED_DEVICE_FAMILY = "1,2";
			};
			name = Debug;
		};
		98F0E4C221523860004098A9 /* Release */ = {
			isa = XCBuildConfiguration;
			baseConfigurationReference = 221F11F2616A91DA58864153 /* Pods-PlaceSearcher.release.xcconfig */;
			buildSettings = {
				ASSETCATALOG_COMPILER_APPICON_NAME = AppIcon;
				CODE_SIGN_STYLE = Automatic;
				DEVELOPMENT_TEAM = UJQQSG4T4A;
				INFOPLIST_FILE = PlaceSearcher_Test/Info.plist;
				LD_RUNPATH_SEARCH_PATHS = (
					"$(inherited)",
					"@executable_path/Frameworks",
				);
				PRODUCT_BUNDLE_IDENTIFIER = nil.PlaceSearcher;
				PRODUCT_NAME = "$(TARGET_NAME)";
				SWIFT_VERSION = 4.2;
				TARGETED_DEVICE_FAMILY = "1,2";
			};
			name = Release;
		};
		98F0E4C421523860004098A9 /* Debug */ = {
			isa = XCBuildConfiguration;
			baseConfigurationReference = E0552A5F8BBDC406ECA383C9 /* Pods-PlaceSearcherTests.debug.xcconfig */;
			buildSettings = {
				ALWAYS_EMBED_SWIFT_STANDARD_LIBRARIES = YES;
				BUNDLE_LOADER = "$(TEST_HOST)";
				CODE_SIGN_STYLE = Automatic;
				DEVELOPMENT_TEAM = UJQQSG4T4A;
				INFOPLIST_FILE = PlaceSearcher_TestTests/Info.plist;
				LD_RUNPATH_SEARCH_PATHS = (
					"$(inherited)",
					"@executable_path/Frameworks",
					"@loader_path/Frameworks",
				);
				PRODUCT_BUNDLE_IDENTIFIER = "nil.PlaceSearcher-TestTests";
				PRODUCT_NAME = "$(TARGET_NAME)";
				SWIFT_VERSION = 4.2;
				TARGETED_DEVICE_FAMILY = "1,2";
				TEST_HOST = "$(BUILT_PRODUCTS_DIR)/PlaceSearcher.app/PlaceSearcher";
			};
			name = Debug;
		};
		98F0E4C521523860004098A9 /* Release */ = {
			isa = XCBuildConfiguration;
			baseConfigurationReference = CDE990526F42E493CE29BE4E /* Pods-PlaceSearcherTests.release.xcconfig */;
			buildSettings = {
				ALWAYS_EMBED_SWIFT_STANDARD_LIBRARIES = YES;
				BUNDLE_LOADER = "$(TEST_HOST)";
				CODE_SIGN_STYLE = Automatic;
				DEVELOPMENT_TEAM = UJQQSG4T4A;
				INFOPLIST_FILE = PlaceSearcher_TestTests/Info.plist;
				LD_RUNPATH_SEARCH_PATHS = (
					"$(inherited)",
					"@executable_path/Frameworks",
					"@loader_path/Frameworks",
				);
				PRODUCT_BUNDLE_IDENTIFIER = "nil.PlaceSearcher-TestTests";
				PRODUCT_NAME = "$(TARGET_NAME)";
				SWIFT_VERSION = 4.2;
				TARGETED_DEVICE_FAMILY = "1,2";
				TEST_HOST = "$(BUILT_PRODUCTS_DIR)/PlaceSearcher.app/PlaceSearcher";
			};
			name = Release;
		};
		98F0E4C721523860004098A9 /* Debug */ = {
			isa = XCBuildConfiguration;
			baseConfigurationReference = 2A4204CCECEEB3F14078D4B1 /* Pods-PlaceSearcherUITests.debug.xcconfig */;
			buildSettings = {
				ALWAYS_EMBED_SWIFT_STANDARD_LIBRARIES = YES;
				CODE_SIGN_STYLE = Automatic;
				DEVELOPMENT_TEAM = UJQQSG4T4A;
				INFOPLIST_FILE = PlaceSearcher_TestUITests/Info.plist;
				LD_RUNPATH_SEARCH_PATHS = (
					"$(inherited)",
					"@executable_path/Frameworks",
					"@loader_path/Frameworks",
				);
				PRODUCT_BUNDLE_IDENTIFIER = "nil.PlaceSearcher-TestUITests";
				PRODUCT_NAME = "$(TARGET_NAME)";
				SWIFT_VERSION = 4.2;
				TARGETED_DEVICE_FAMILY = "1,2";
				TEST_TARGET_NAME = PlaceSearcher_Test;
			};
			name = Debug;
		};
		98F0E4C821523860004098A9 /* Release */ = {
			isa = XCBuildConfiguration;
			baseConfigurationReference = D22F4A9B37CDC10F600A1327 /* Pods-PlaceSearcherUITests.release.xcconfig */;
			buildSettings = {
				ALWAYS_EMBED_SWIFT_STANDARD_LIBRARIES = YES;
				CODE_SIGN_STYLE = Automatic;
				DEVELOPMENT_TEAM = UJQQSG4T4A;
				INFOPLIST_FILE = PlaceSearcher_TestUITests/Info.plist;
				LD_RUNPATH_SEARCH_PATHS = (
					"$(inherited)",
					"@executable_path/Frameworks",
					"@loader_path/Frameworks",
				);
				PRODUCT_BUNDLE_IDENTIFIER = "nil.PlaceSearcher-TestUITests";
				PRODUCT_NAME = "$(TARGET_NAME)";
				SWIFT_VERSION = 4.2;
				TARGETED_DEVICE_FAMILY = "1,2";
				TEST_TARGET_NAME = PlaceSearcher_Test;
			};
			name = Release;
		};
/* End XCBuildConfiguration section */

/* Begin XCConfigurationList section */
		98F0E4912152385E004098A9 /* Build configuration list for PBXProject "PlaceSearcher" */ = {
			isa = XCConfigurationList;
			buildConfigurations = (
				98F0E4BE21523860004098A9 /* Debug */,
				98F0E4BF21523860004098A9 /* Release */,
			);
			defaultConfigurationIsVisible = 0;
			defaultConfigurationName = Release;
		};
		98F0E4C021523860004098A9 /* Build configuration list for PBXNativeTarget "PlaceSearcher" */ = {
			isa = XCConfigurationList;
			buildConfigurations = (
				98F0E4C121523860004098A9 /* Debug */,
				98F0E4C221523860004098A9 /* Release */,
			);
			defaultConfigurationIsVisible = 0;
			defaultConfigurationName = Release;
		};
		98F0E4C321523860004098A9 /* Build configuration list for PBXNativeTarget "PlaceSearcherTests" */ = {
			isa = XCConfigurationList;
			buildConfigurations = (
				98F0E4C421523860004098A9 /* Debug */,
				98F0E4C521523860004098A9 /* Release */,
			);
			defaultConfigurationIsVisible = 0;
			defaultConfigurationName = Release;
		};
		98F0E4C621523860004098A9 /* Build configuration list for PBXNativeTarget "PlaceSearcherUITests" */ = {
			isa = XCConfigurationList;
			buildConfigurations = (
				98F0E4C721523860004098A9 /* Debug */,
				98F0E4C821523860004098A9 /* Release */,
			);
			defaultConfigurationIsVisible = 0;
			defaultConfigurationName = Release;
		};
/* End XCConfigurationList section */
	};
	rootObject = 98F0E48E2152385E004098A9 /* Project object */;
}
